
Microsoft Visual Studio Solution File, Format Version 12.00
# Visual Studio Version 16
VisualStudioVersion = 16.0.30611.23
MinimumVisualStudioVersion = 10.0.40219.1
Project("{9A19103F-16F7-4668-BE54-9A1E7A4F7556}") = "Lab1", "Lab1.csproj", "{62C307A0-AD9C-4AC2-AA4D-60089A118D72}"
EndProject
Project("{FAE04EC0-301F-11D3-BF4B-00C04F79EFBC}") = "Lab2", "..\Lab2\Lab2.csproj", "{8E2F2FAD-1902-4CCD-8C98-F1D90194B7E0}"
EndProject
Project("{FAE04EC0-301F-11D3-BF4B-00C04F79EFBC}") = "Lab1-framework", "..\Lab1-framework\Lab1-framework.csproj", "{17228ABD-FB3D-47C5-B1B2-D6429E7D0D99}"
EndProject
Global
	GlobalSection(SolutionConfigurationPlatforms) = preSolution
		Debug|Any CPU = Debug|Any CPU
		Release|Any CPU = Release|Any CPU
	EndGlobalSection
	GlobalSection(ProjectConfigurationPlatforms) = postSolution
		{62C307A0-AD9C-4AC2-AA4D-60089A118D72}.Debug|Any CPU.ActiveCfg = Debug|Any CPU
		{62C307A0-AD9C-4AC2-AA4D-60089A118D72}.Debug|Any CPU.Build.0 = Debug|Any CPU
		{62C307A0-AD9C-4AC2-AA4D-60089A118D72}.Release|Any CPU.ActiveCfg = Release|Any CPU
		{62C307A0-AD9C-4AC2-AA4D-60089A118D72}.Release|Any CPU.Build.0 = Release|Any CPU
		{8E2F2FAD-1902-4CCD-8C98-F1D90194B7E0}.Debug|Any CPU.ActiveCfg = Debug|Any CPU
		{8E2F2FAD-1902-4CCD-8C98-F1D90194B7E0}.Debug|Any CPU.Build.0 = Debug|Any CPU
		{8E2F2FAD-1902-4CCD-8C98-F1D90194B7E0}.Release|Any CPU.ActiveCfg = Release|Any CPU
		{8E2F2FAD-1902-4CCD-8C98-F1D90194B7E0}.Release|Any CPU.Build.0 = Release|Any CPU
		{17228ABD-FB3D-47C5-B1B2-D6429E7D0D99}.Debug|Any CPU.ActiveCfg = Debug|Any CPU
		{17228ABD-FB3D-47C5-B1B2-D6429E7D0D99}.Debug|Any CPU.Build.0 = Debug|Any CPU
		{17228ABD-FB3D-47C5-B1B2-D6429E7D0D99}.Release|Any CPU.ActiveCfg = Release|Any CPU
		{17228ABD-FB3D-47C5-B1B2-D6429E7D0D99}.Release|Any CPU.Build.0 = Release|Any CPU
	EndGlobalSection
	GlobalSection(SolutionProperties) = preSolution
		HideSolutionNode = FALSE
	EndGlobalSection
	GlobalSection(ExtensibilityGlobals) = postSolution
		SolutionGuid = {1E2FFDD6-4CDE-4CFF-B477-2F3E274DA03F}
	EndGlobalSection
EndGlobal
