
Microsoft Visual Studio Solution File, Format Version 12.00
# Visual Studio Version 16
VisualStudioVersion = 16.0.30907.101
MinimumVisualStudioVersion = 10.0.40219.1
Project("{FAE04EC0-301F-11D3-BF4B-00C04F79EFBC}") = "Lab2", "Lab2.csproj", "{BBFFA20B-560F-43B3-AD95-787EC64EDB66}"
EndProject
Global
	GlobalSection(SolutionConfigurationPlatforms) = preSolution
		Debug|Any CPU = Debug|Any CPU
		Release|Any CPU = Release|Any CPU
	EndGlobalSection
	GlobalSection(ProjectConfigurationPlatforms) = postSolution
		{BBFFA20B-560F-43B3-AD95-787EC64EDB66}.Debug|Any CPU.ActiveCfg = Debug|Any CPU
		{BBFFA20B-560F-43B3-AD95-787EC64EDB66}.Debug|Any CPU.Build.0 = Debug|Any CPU
		{BBFFA20B-560F-43B3-AD95-787EC64EDB66}.Release|Any CPU.ActiveCfg = Release|Any CPU
		{BBFFA20B-560F-43B3-AD95-787EC64EDB66}.Release|Any CPU.Build.0 = Release|Any CPU
	EndGlobalSection
	GlobalSection(SolutionProperties) = preSolution
		HideSolutionNode = FALSE
	EndGlobalSection
	GlobalSection(ExtensibilityGlobals) = postSolution
		SolutionGuid = {4A67A0DA-D2D3-41F5-B6D8-D24B37B7EB76}
	EndGlobalSection
EndGlobal
